// !$*UTF8*$!
{
	archiveVersion = 1;
	classes = {
	};
	objectVersion = 56;
	objects = {

/* Begin PBXBuildFile section */
		AA29D44C2BFC554B0067DFDE /* SST_INCApp.swift in Sources */ = {isa = PBXBuildFile; fileRef = AA29D44B2BFC554B0067DFDE /* SST_INCApp.swift */; };
		AA29D44E2BFC554B0067DFDE /* ContentView.swift in Sources */ = {isa = PBXBuildFile; fileRef = AA29D44D2BFC554B0067DFDE /* ContentView.swift */; };
		AA29D4502BFC55500067DFDE /* Assets.xcassets in Resources */ = {isa = PBXBuildFile; fileRef = AA29D44F2BFC55500067DFDE /* Assets.xcassets */; };
		AA29D4532BFC55500067DFDE /* Preview Assets.xcassets in Resources */ = {isa = PBXBuildFile; fileRef = AA29D4522BFC55500067DFDE /* Preview Assets.xcassets */; };
		AA29D45D2BFC55510067DFDE /* SST_INCTests.swift in Sources */ = {isa = PBXBuildFile; fileRef = AA29D45C2BFC55510067DFDE /* SST_INCTests.swift */; };
		AA29D4672BFC55510067DFDE /* SST_INCUITests.swift in Sources */ = {isa = PBXBuildFile; fileRef = AA29D4662BFC55510067DFDE /* SST_INCUITests.swift */; };
		AA29D4692BFC55510067DFDE /* SST_INCUITestsLaunchTests.swift in Sources */ = {isa = PBXBuildFile; fileRef = AA29D4682BFC55510067DFDE /* SST_INCUITestsLaunchTests.swift */; };
/* End PBXBuildFile section */

/* Begin PBXContainerItemProxy section */
		AA29D4592BFC55510067DFDE /* PBXContainerItemProxy */ = {
			isa = PBXContainerItemProxy;
			containerPortal = AA29D4402BFC554B0067DFDE /* Project object */;
			proxyType = 1;
			remoteGlobalIDString = AA29D4472BFC554B0067DFDE;
			remoteInfo = "SST INC";
		};
		AA29D4632BFC55510067DFDE /* PBXContainerItemProxy */ = {
			isa = PBXContainerItemProxy;
			containerPortal = AA29D4402BFC554B0067DFDE /* Project object */;
			proxyType = 1;
			remoteGlobalIDString = AA29D4472BFC554B0067DFDE;
			remoteInfo = "SST INC";
		};
/* End PBXContainerItemProxy section */

/* Begin PBXFileReference section */
		AA29D4482BFC554B0067DFDE /* SST INC.app */ = {isa = PBXFileReference; explicitFileType = wrapper.application; includeInIndex = 0; path = "SST INC.app"; sourceTree = BUILT_PRODUCTS_DIR; };
		AA29D44B2BFC554B0067DFDE /* SST_INCApp.swift */ = {isa = PBXFileReference; lastKnownFileType = sourcecode.swift; path = SST_INCApp.swift; sourceTree = "<group>"; };
		AA29D44D2BFC554B0067DFDE /* ContentView.swift */ = {isa = PBXFileReference; lastKnownFileType = sourcecode.swift; path = ContentView.swift; sourceTree = "<group>"; };
		AA29D44F2BFC55500067DFDE /* Assets.xcassets */ = {isa = PBXFileReference; lastKnownFileType = folder.assetcatalog; path = Assets.xcassets; sourceTree = "<group>"; };
		AA29D4522BFC55500067DFDE /* Preview Assets.xcassets */ = {isa = PBXFileReference; lastKnownFileType = folder.assetcatalog; path = "Preview Assets.xcassets"; sourceTree = "<group>"; };
		AA29D4582BFC55510067DFDE /* SST INCTests.xctest */ = {isa = PBXFileReference; explicitFileType = wrapper.cfbundle; includeInIndex = 0; path = "SST INCTests.xctest"; sourceTree = BUILT_PRODUCTS_DIR; };
		AA29D45C2BFC55510067DFDE /* SST_INCTests.swift */ = {isa = PBXFileReference; lastKnownFileType = sourcecode.swift; path = SST_INCTests.swift; sourceTree = "<group>"; };
		AA29D4622BFC55510067DFDE /* SST INCUITests.xctest */ = {isa = PBXFileReference; explicitFileType = wrapper.cfbundle; includeInIndex = 0; path = "SST INCUITests.xctest"; sourceTree = BUILT_PRODUCTS_DIR; };
		AA29D4662BFC55510067DFDE /* SST_INCUITests.swift */ = {isa = PBXFileReference; lastKnownFileType = sourcecode.swift; path = SST_INCUITests.swift; sourceTree = "<group>"; };
		AA29D4682BFC55510067DFDE /* SST_INCUITestsLaunchTests.swift */ = {isa = PBXFileReference; lastKnownFileType = sourcecode.swift; path = SST_INCUITestsLaunchTests.swift; sourceTree = "<group>"; };
/* End PBXFileReference section */

/* Begin PBXFrameworksBuildPhase section */
		AA29D4452BFC554B0067DFDE /* Frameworks */ = {
			isa = PBXFrameworksBuildPhase;
			buildActionMask = 2147483647;
			files = (
			);
			runOnlyForDeploymentPostprocessing = 0;
		};
		AA29D4552BFC55510067DFDE /* Frameworks */ = {
			isa = PBXFrameworksBuildPhase;
			buildActionMask = 2147483647;
			files = (
			);
			runOnlyForDeploymentPostprocessing = 0;
		};
		AA29D45F2BFC55510067DFDE /* Frameworks */ = {
			isa = PBXFrameworksBuildPhase;
			buildActionMask = 2147483647;
			files = (
			);
			runOnlyForDeploymentPostprocessing = 0;
		};
/* End PBXFrameworksBuildPhase section */

/* Begin PBXGroup section */
		AA29D43F2BFC554B0067DFDE = {
			isa = PBXGroup;
			children = (
				AA29D44A2BFC554B0067DFDE /* SST INC */,
				AA29D45B2BFC55510067DFDE /* SST INCTests */,
				AA29D4652BFC55510067DFDE /* SST INCUITests */,
				AA29D4492BFC554B0067DFDE /* Products */,
			);
			sourceTree = "<group>";
		};
		AA29D4492BFC554B0067DFDE /* Products */ = {
			isa = PBXGroup;
			children = (
				AA29D4482BFC554B0067DFDE /* SST INC.app */,
				AA29D4582BFC55510067DFDE /* SST INCTests.xctest */,
				AA29D4622BFC55510067DFDE /* SST INCUITests.xctest */,
			);
			name = Products;
			sourceTree = "<group>";
		};
		AA29D44A2BFC554B0067DFDE /* SST INC */ = {
			isa = PBXGroup;
			children = (
				AA29D44B2BFC554B0067DFDE /* SST_INCApp.swift */,
				AA29D44D2BFC554B0067DFDE /* ContentView.swift */,
				AA29D44F2BFC55500067DFDE /* Assets.xcassets */,
				AA29D4512BFC55500067DFDE /* Preview Content */,
			);
			path = "SST INC";
			sourceTree = "<group>";
		};
		AA29D4512BFC55500067DFDE /* Preview Content */ = {
			isa = PBXGroup;
			children = (
				AA29D4522BFC55500067DFDE /* Preview Assets.xcassets */,
			);
			path = "Preview Content";
			sourceTree = "<group>";
		};
		AA29D45B2BFC55510067DFDE /* SST INCTests */ = {
			isa = PBXGroup;
			children = (
				AA29D45C2BFC55510067DFDE /* SST_INCTests.swift */,
			);
			path = "SST INCTests";
			sourceTree = "<group>";
		};
		AA29D4652BFC55510067DFDE /* SST INCUITests */ = {
			isa = PBXGroup;
			children = (
				AA29D4662BFC55510067DFDE /* SST_INCUITests.swift */,
				AA29D4682BFC55510067DFDE /* SST_INCUITestsLaunchTests.swift */,
			);
			path = "SST INCUITests";
			sourceTree = "<group>";
		};
/* End PBXGroup section */

/* Begin PBXNativeTarget section */
		AA29D4472BFC554B0067DFDE /* SST INC */ = {
			isa = PBXNativeTarget;
			buildConfigurationList = AA29D46C2BFC55510067DFDE /* Build configuration list for PBXNativeTarget "SST INC" */;
			buildPhases = (
				AA29D4442BFC554B0067DFDE /* Sources */,
				AA29D4452BFC554B0067DFDE /* Frameworks */,
				AA29D4462BFC554B0067DFDE /* Resources */,
			);
			buildRules = (
			);
			dependencies = (
			);
			name = "SST INC";
			productName = "SST INC";
			productReference = AA29D4482BFC554B0067DFDE /* SST INC.app */;
			productType = "com.apple.product-type.application";
		};
		AA29D4572BFC55510067DFDE /* SST INCTests */ = {
			isa = PBXNativeTarget;
			buildConfigurationList = AA29D46F2BFC55510067DFDE /* Build configuration list for PBXNativeTarget "SST INCTests" */;
			buildPhases = (
				AA29D4542BFC55510067DFDE /* Sources */,
				AA29D4552BFC55510067DFDE /* Frameworks */,
				AA29D4562BFC55510067DFDE /* Resources */,
			);
			buildRules = (
			);
			dependencies = (
				AA29D45A2BFC55510067DFDE /* PBXTargetDependency */,
			);
			name = "SST INCTests";
			productName = "SST INCTests";
			productReference = AA29D4582BFC55510067DFDE /* SST INCTests.xctest */;
			productType = "com.apple.product-type.bundle.unit-test";
		};
		AA29D4612BFC55510067DFDE /* SST INCUITests */ = {
			isa = PBXNativeTarget;
			buildConfigurationList = AA29D4722BFC55510067DFDE /* Build configuration list for PBXNativeTarget "SST INCUITests" */;
			buildPhases = (
				AA29D45E2BFC55510067DFDE /* Sources */,
				AA29D45F2BFC55510067DFDE /* Frameworks */,
				AA29D4602BFC55510067DFDE /* Resources */,
			);
			buildRules = (
			);
			dependencies = (
				AA29D4642BFC55510067DFDE /* PBXTargetDependency */,
			);
			name = "SST INCUITests";
			productName = "SST INCUITests";
			productReference = AA29D4622BFC55510067DFDE /* SST INCUITests.xctest */;
			productType = "com.apple.product-type.bundle.ui-testing";
		};
/* End PBXNativeTarget section */

/* Begin PBXProject section */
		AA29D4402BFC554B0067DFDE /* Project object */ = {
			isa = PBXProject;
			attributes = {
				BuildIndependentTargetsInParallel = 1;
				LastSwiftUpdateCheck = 1540;
				LastUpgradeCheck = 1540;
				TargetAttributes = {
					AA29D4472BFC554B0067DFDE = {
						CreatedOnToolsVersion = 15.4;
					};
					AA29D4572BFC55510067DFDE = {
						CreatedOnToolsVersion = 15.4;
						TestTargetID = AA29D4472BFC554B0067DFDE;
					};
					AA29D4612BFC55510067DFDE = {
						CreatedOnToolsVersion = 15.4;
						TestTargetID = AA29D4472BFC554B0067DFDE;
					};
				};
			};
			buildConfigurationList = AA29D4432BFC554B0067DFDE /* Build configuration list for PBXProject "SST INC" */;
			compatibilityVersion = "Xcode 14.0";
			developmentRegion = en;
			hasScannedForEncodings = 0;
			knownRegions = (
				en,
				Base,
			);
			mainGroup = AA29D43F2BFC554B0067DFDE;
			productRefGroup = AA29D4492BFC554B0067DFDE /* Products */;
			projectDirPath = "";
			projectRoot = "";
			targets = (
				AA29D4472BFC554B0067DFDE /* SST INC */,
				AA29D4572BFC55510067DFDE /* SST INCTests */,
				AA29D4612BFC55510067DFDE /* SST INCUITests */,
			);
		};
/* End PBXProject section */

/* Begin PBXResourcesBuildPhase section */
		AA29D4462BFC554B0067DFDE /* Resources */ = {
			isa = PBXResourcesBuildPhase;
			buildActionMask = 2147483647;
			files = (
				AA29D4532BFC55500067DFDE /* Preview Assets.xcassets in Resources */,
				AA29D4502BFC55500067DFDE /* Assets.xcassets in Resources */,
			);
			runOnlyForDeploymentPostprocessing = 0;
		};
		AA29D4562BFC55510067DFDE /* Resources */ = {
			isa = PBXResourcesBuildPhase;
			buildActionMask = 2147483647;
			files = (
			);
			runOnlyForDeploymentPostprocessing = 0;
		};
		AA29D4602BFC55510067DFDE /* Resources */ = {
			isa = PBXResourcesBuildPhase;
			buildActionMask = 2147483647;
			files = (
			);
			runOnlyForDeploymentPostprocessing = 0;
		};
/* End PBXResourcesBuildPhase section */

/* Begin PBXSourcesBuildPhase section */
		AA29D4442BFC554B0067DFDE /* Sources */ = {
			isa = PBXSourcesBuildPhase;
			buildActionMask = 2147483647;
			files = (
				AA29D44E2BFC554B0067DFDE /* ContentView.swift in Sources */,
				AA29D44C2BFC554B0067DFDE /* SST_INCApp.swift in Sources */,
			);
			runOnlyForDeploymentPostprocessing = 0;
		};
		AA29D4542BFC55510067DFDE /* Sources */ = {
			isa = PBXSourcesBuildPhase;
			buildActionMask = 2147483647;
			files = (
				AA29D45D2BFC55510067DFDE /* SST_INCTests.swift in Sources */,
			);
			runOnlyForDeploymentPostprocessing = 0;
		};
		AA29D45E2BFC55510067DFDE /* Sources */ = {
			isa = PBXSourcesBuildPhase;
			buildActionMask = 2147483647;
			files = (
				AA29D4692BFC55510067DFDE /* SST_INCUITestsLaunchTests.swift in Sources */,
				AA29D4672BFC55510067DFDE /* SST_INCUITests.swift in Sources */,
			);
			runOnlyForDeploymentPostprocessing = 0;
		};
/* End PBXSourcesBuildPhase section */

/* Begin PBXTargetDependency section */
		AA29D45A2BFC55510067DFDE /* PBXTargetDependency */ = {
			isa = PBXTargetDependency;
			target = AA29D4472BFC554B0067DFDE /* SST INC */;
			targetProxy = AA29D4592BFC55510067DFDE /* PBXContainerItemProxy */;
		};
		AA29D4642BFC55510067DFDE /* PBXTargetDependency */ = {
			isa = PBXTargetDependency;
			target = AA29D4472BFC554B0067DFDE /* SST INC */;
			targetProxy = AA29D4632BFC55510067DFDE /* PBXContainerItemProxy */;
		};
/* End PBXTargetDependency section */

/* Begin XCBuildConfiguration section */
		AA29D46A2BFC55510067DFDE /* Debug */ = {
			isa = XCBuildConfiguration;
			buildSettings = {
				ALWAYS_SEARCH_USER_PATHS = NO;
				ASSETCATALOG_COMPILER_GENERATE_SWIFT_ASSET_SYMBOL_EXTENSIONS = YES;
				CLANG_ANALYZER_NONNULL = YES;
				CLANG_ANALYZER_NUMBER_OBJECT_CONVERSION = YES_AGGRESSIVE;
				CLANG_CXX_LANGUAGE_STANDARD = "gnu++20";
				CLANG_ENABLE_MODULES = YES;
				CLANG_ENABLE_OBJC_ARC = YES;
				CLANG_ENABLE_OBJC_WEAK = YES;
				CLANG_WARN_BLOCK_CAPTURE_AUTORELEASING = YES;
				CLANG_WARN_BOOL_CONVERSION = YES;
				CLANG_WARN_COMMA = YES;
				CLANG_WARN_CONSTANT_CONVERSION = YES;
				CLANG_WARN_DEPRECATED_OBJC_IMPLEMENTATIONS = YES;
				CLANG_WARN_DIRECT_OBJC_ISA_USAGE = YES_ERROR;
				CLANG_WARN_DOCUMENTATION_COMMENTS = YES;
				CLANG_WARN_EMPTY_BODY = YES;
				CLANG_WARN_ENUM_CONVERSION = YES;
				CLANG_WARN_INFINITE_RECURSION = YES;
				CLANG_WARN_INT_CONVERSION = YES;
				CLANG_WARN_NON_LITERAL_NULL_CONVERSION = YES;
				CLANG_WARN_OBJC_IMPLICIT_RETAIN_SELF = YES;
				CLANG_WARN_OBJC_LITERAL_CONVERSION = YES;
				CLANG_WARN_OBJC_ROOT_CLASS = YES_ERROR;
				CLANG_WARN_QUOTED_INCLUDE_IN_FRAMEWORK_HEADER = YES;
				CLANG_WARN_RANGE_LOOP_ANALYSIS = YES;
				CLANG_WARN_STRICT_PROTOTYPES = YES;
				CLANG_WARN_SUSPICIOUS_MOVE = YES;
				CLANG_WARN_UNGUARDED_AVAILABILITY = YES_AGGRESSIVE;
				CLANG_WARN_UNREACHABLE_CODE = YES;
				CLANG_WARN__DUPLICATE_METHOD_MATCH = YES;
				COPY_PHASE_STRIP = NO;
				DEBUG_INFORMATION_FORMAT = dwarf;
				ENABLE_STRICT_OBJC_MSGSEND = YES;
				ENABLE_TESTABILITY = YES;
				ENABLE_USER_SCRIPT_SANDBOXING = YES;
				GCC_C_LANGUAGE_STANDARD = gnu17;
				GCC_DYNAMIC_NO_PIC = NO;
				GCC_NO_COMMON_BLOCKS = YES;
				GCC_OPTIMIZATION_LEVEL = 0;
				GCC_PREPROCESSOR_DEFINITIONS = (
					"DEBUG=1",
					"$(inherited)",
				);
				GCC_WARN_64_TO_32_BIT_CONVERSION = YES;
				GCC_WARN_ABOUT_RETURN_TYPE = YES_ERROR;
				GCC_WARN_UNDECLARED_SELECTOR = YES;
				GCC_WARN_UNINITIALIZED_AUTOS = YES_AGGRESSIVE;
				GCC_WARN_UNUSED_FUNCTION = YES;
				GCC_WARN_UNUSED_VARIABLE = YES;
				IPHONEOS_DEPLOYMENT_TARGET = 17.5;
				LOCALIZATION_PREFERS_STRING_CATALOGS = YES;
				MTL_ENABLE_DEBUG_INFO = INCLUDE_SOURCE;
				MTL_FAST_MATH = YES;
				ONLY_ACTIVE_ARCH = YES;
				SDKROOT = iphoneos;
				SWIFT_ACTIVE_COMPILATION_CONDITIONS = "DEBUG $(inherited)";
				SWIFT_OPTIMIZATION_LEVEL = "-Onone";
			};
			name = Debug;
		};
		AA29D46B2BFC55510067DFDE /* Release */ = {
			isa = XCBuildConfiguration;
			buildSettings = {
				ALWAYS_SEARCH_USER_PATHS = NO;
				ASSETCATALOG_COMPILER_GENERATE_SWIFT_ASSET_SYMBOL_EXTENSIONS = YES;
				CLANG_ANALYZER_NONNULL = YES;
				CLANG_ANALYZER_NUMBER_OBJECT_CONVERSION = YES_AGGRESSIVE;
				CLANG_CXX_LANGUAGE_STANDARD = "gnu++20";
				CLANG_ENABLE_MODULES = YES;
				CLANG_ENABLE_OBJC_ARC = YES;
				CLANG_ENABLE_OBJC_WEAK = YES;
				CLANG_WARN_BLOCK_CAPTURE_AUTORELEASING = YES;
				CLANG_WARN_BOOL_CONVERSION = YES;
				CLANG_WARN_COMMA = YES;
				CLANG_WARN_CONSTANT_CONVERSION = YES;
				CLANG_WARN_DEPRECATED_OBJC_IMPLEMENTATIONS = YES;
				CLANG_WARN_DIRECT_OBJC_ISA_USAGE = YES_ERROR;
				CLANG_WARN_DOCUMENTATION_COMMENTS = YES;
				CLANG_WARN_EMPTY_BODY = YES;
				CLANG_WARN_ENUM_CONVERSION = YES;
				CLANG_WARN_INFINITE_RECURSION = YES;
				CLANG_WARN_INT_CONVERSION = YES;
				CLANG_WARN_NON_LITERAL_NULL_CONVERSION = YES;
				CLANG_WARN_OBJC_IMPLICIT_RETAIN_SELF = YES;
				CLANG_WARN_OBJC_LITERAL_CONVERSION = YES;
				CLANG_WARN_OBJC_ROOT_CLASS = YES_ERROR;
				CLANG_WARN_QUOTED_INCLUDE_IN_FRAMEWORK_HEADER = YES;
				CLANG_WARN_RANGE_LOOP_ANALYSIS = YES;
				CLANG_WARN_STRICT_PROTOTYPES = YES;
				CLANG_WARN_SUSPICIOUS_MOVE = YES;
				CLANG_WARN_UNGUARDED_AVAILABILITY = YES_AGGRESSIVE;
				CLANG_WARN_UNREACHABLE_CODE = YES;
				CLANG_WARN__DUPLICATE_METHOD_MATCH = YES;
				COPY_PHASE_STRIP = NO;
				DEBUG_INFORMATION_FORMAT = "dwarf-with-dsym";
				ENABLE_NS_ASSERTIONS = NO;
				ENABLE_STRICT_OBJC_MSGSEND = YES;
				ENABLE_USER_SCRIPT_SANDBOXING = YES;
				GCC_C_LANGUAGE_STANDARD = gnu17;
				GCC_NO_COMMON_BLOCKS = YES;
				GCC_WARN_64_TO_32_BIT_CONVERSION = YES;
				GCC_WARN_ABOUT_RETURN_TYPE = YES_ERROR;
				GCC_WARN_UNDECLARED_SELECTOR = YES;
				GCC_WARN_UNINITIALIZED_AUTOS = YES_AGGRESSIVE;
				GCC_WARN_UNUSED_FUNCTION = YES;
				GCC_WARN_UNUSED_VARIABLE = YES;
				IPHONEOS_DEPLOYMENT_TARGET = 17.5;
				LOCALIZATION_PREFERS_STRING_CATALOGS = YES;
				MTL_ENABLE_DEBUG_INFO = NO;
				MTL_FAST_MATH = YES;
				SDKROOT = iphoneos;
				SWIFT_COMPILATION_MODE = wholemodule;
				VALIDATE_PRODUCT = YES;
			};
			name = Release;
		};
		AA29D46D2BFC55510067DFDE /* Debug */ = {
			isa = XCBuildConfiguration;
			buildSettings = {
				ASSETCATALOG_COMPILER_APPICON_NAME = AppIcon;
				ASSETCATALOG_COMPILER_GLOBAL_ACCENT_COLOR_NAME = AccentColor;
				CODE_SIGN_STYLE = Automatic;
				CURRENT_PROJECT_VERSION = 1;
				DEVELOPMENT_ASSET_PATHS = "\"SST INC/Preview Content\"";
				ENABLE_PREVIEWS = YES;
				GENERATE_INFOPLIST_FILE = YES;
				INFOPLIST_KEY_UIApplicationSceneManifest_Generation = YES;
				INFOPLIST_KEY_UIApplicationSupportsIndirectInputEvents = YES;
				INFOPLIST_KEY_UILaunchScreen_Generation = YES;
				INFOPLIST_KEY_UISupportedInterfaceOrientations_iPad = "UIInterfaceOrientationPortrait UIInterfaceOrientationPortraitUpsideDown UIInterfaceOrientationLandscapeLeft UIInterfaceOrientationLandscapeRight";
				INFOPLIST_KEY_UISupportedInterfaceOrientations_iPhone = "UIInterfaceOrientationPortrait UIInterfaceOrientationLandscapeLeft UIInterfaceOrientationLandscapeRight";
				LD_RUNPATH_SEARCH_PATHS = (
					"$(inherited)",
					"@executable_path/Frameworks",
				);
				MARKETING_VERSION = 1.0;
				PRODUCT_BUNDLE_IDENTIFIER = "com.Ethan.SST-INC";
				PRODUCT_NAME = "$(TARGET_NAME)";
				SWIFT_EMIT_LOC_STRINGS = YES;
				SWIFT_VERSION = 5.0;
				TARGETED_DEVICE_FAMILY = "1,2";
			};
			name = Debug;
		};
		AA29D46E2BFC55510067DFDE /* Release */ = {
			isa = XCBuildConfiguration;
			buildSettings = {
				ASSETCATALOG_COMPILER_APPICON_NAME = AppIcon;
				ASSETCATALOG_COMPILER_GLOBAL_ACCENT_COLOR_NAME = AccentColor;
				CODE_SIGN_STYLE = Automatic;
				CURRENT_PROJECT_VERSION = 1;
				DEVELOPMENT_ASSET_PATHS = "\"SST INC/Preview Content\"";
				ENABLE_PREVIEWS = YES;
				GENERATE_INFOPLIST_FILE = YES;
				INFOPLIST_KEY_UIApplicationSceneManifest_Generation = YES;
				INFOPLIST_KEY_UIApplicationSupportsIndirectInputEvents = YES;
				INFOPLIST_KEY_UILaunchScreen_Generation = YES;
				INFOPLIST_KEY_UISupportedInterfaceOrientations_iPad = "UIInterfaceOrientationPortrait UIInterfaceOrientationPortraitUpsideDown UIInterfaceOrientationLandscapeLeft UIInterfaceOrientationLandscapeRight";
				INFOPLIST_KEY_UISupportedInterfaceOrientations_iPhone = "UIInterfaceOrientationPortrait UIInterfaceOrientationLandscapeLeft UIInterfaceOrientationLandscapeRight";
				LD_RUNPATH_SEARCH_PATHS = (
					"$(inherited)",
					"@executable_path/Frameworks",
				);
				MARKETING_VERSION = 1.0;
				PRODUCT_BUNDLE_IDENTIFIER = "com.Ethan.SST-INC";
				PRODUCT_NAME = "$(TARGET_NAME)";
				SWIFT_EMIT_LOC_STRINGS = YES;
				SWIFT_VERSION = 5.0;
				TARGETED_DEVICE_FAMILY = "1,2";
			};
			name = Release;
		};
		AA29D4702BFC55510067DFDE /* Debug */ = {
			isa = XCBuildConfiguration;
			buildSettings = {
				ALWAYS_EMBED_SWIFT_STANDARD_LIBRARIES = YES;
				BUNDLE_LOADER = "$(TEST_HOST)";
				CODE_SIGN_STYLE = Automatic;
				CURRENT_PROJECT_VERSION = 1;
				GENERATE_INFOPLIST_FILE = YES;
				IPHONEOS_DEPLOYMENT_TARGET = 17.5;
				MARKETING_VERSION = 1.0;
				PRODUCT_BUNDLE_IDENTIFIER = "com.Ethan.SST-INCTests";
				PRODUCT_NAME = "$(TARGET_NAME)";
				SWIFT_EMIT_LOC_STRINGS = NO;
				SWIFT_VERSION = 5.0;
				TARGETED_DEVICE_FAMILY = "1,2";
				TEST_HOST = "$(BUILT_PRODUCTS_DIR)/SST INC.app/$(BUNDLE_EXECUTABLE_FOLDER_PATH)/SST INC";
			};
			name = Debug;
		};
		AA29D4712BFC55510067DFDE /* Release */ = {
			isa = XCBuildConfiguration;
			buildSettings = {
				ALWAYS_EMBED_SWIFT_STANDARD_LIBRARIES = YES;
				BUNDLE_LOADER = "$(TEST_HOST)";
				CODE_SIGN_STYLE = Automatic;
				CURRENT_PROJECT_VERSION = 1;
				GENERATE_INFOPLIST_FILE = YES;
				IPHONEOS_DEPLOYMENT_TARGET = 17.5;
				MARKETING_VERSION = 1.0;
				PRODUCT_BUNDLE_IDENTIFIER = "com.Ethan.SST-INCTests";
				PRODUCT_NAME = "$(TARGET_NAME)";
				SWIFT_EMIT_LOC_STRINGS = NO;
				SWIFT_VERSION = 5.0;
				TARGETED_DEVICE_FAMILY = "1,2";
				TEST_HOST = "$(BUILT_PRODUCTS_DIR)/SST INC.app/$(BUNDLE_EXECUTABLE_FOLDER_PATH)/SST INC";
			};
			name = Release;
		};
		AA29D4732BFC55510067DFDE /* Debug */ = {
			isa = XCBuildConfiguration;
			buildSettings = {
				ALWAYS_EMBED_SWIFT_STANDARD_LIBRARIES = YES;
				CODE_SIGN_STYLE = Automatic;
				CURRENT_PROJECT_VERSION = 1;
				GENERATE_INFOPLIST_FILE = YES;
				MARKETING_VERSION = 1.0;
				PRODUCT_BUNDLE_IDENTIFIER = "com.Ethan.SST-INCUITests";
				PRODUCT_NAME = "$(TARGET_NAME)";
				SWIFT_EMIT_LOC_STRINGS = NO;
				SWIFT_VERSION = 5.0;
				TARGETED_DEVICE_FAMILY = "1,2";
				TEST_TARGET_NAME = "SST INC";
			};
			name = Debug;
		};
		AA29D4742BFC55510067DFDE /* Release */ = {
			isa = XCBuildConfiguration;
			buildSettings = {
				ALWAYS_EMBED_SWIFT_STANDARD_LIBRARIES = YES;
				CODE_SIGN_STYLE = Automatic;
				CURRENT_PROJECT_VERSION = 1;
				GENERATE_INFOPLIST_FILE = YES;
				MARKETING_VERSION = 1.0;
				PRODUCT_BUNDLE_IDENTIFIER = "com.Ethan.SST-INCUITests";
				PRODUCT_NAME = "$(TARGET_NAME)";
				SWIFT_EMIT_LOC_STRINGS = NO;
				SWIFT_VERSION = 5.0;
				TARGETED_DEVICE_FAMILY = "1,2";
				TEST_TARGET_NAME = "SST INC";
			};
			name = Release;
		};
/* End XCBuildConfiguration section */

/* Begin XCConfigurationList section */
		AA29D4432BFC554B0067DFDE /* Build configuration list for PBXProject "SST INC" */ = {
			isa = XCConfigurationList;
			buildConfigurations = (
				AA29D46A2BFC55510067DFDE /* Debug */,
				AA29D46B2BFC55510067DFDE /* Release */,
			);
			defaultConfigurationIsVisible = 0;
			defaultConfigurationName = Release;
		};
		AA29D46C2BFC55510067DFDE /* Build configuration list for PBXNativeTarget "SST INC" */ = {
			isa = XCConfigurationList;
			buildConfigurations = (
				AA29D46D2BFC55510067DFDE /* Debug */,
				AA29D46E2BFC55510067DFDE /* Release */,
			);
			defaultConfigurationIsVisible = 0;
			defaultConfigurationName = Release;
		};
		AA29D46F2BFC55510067DFDE /* Build configuration list for PBXNativeTarget "SST INCTests" */ = {
			isa = XCConfigurationList;
			buildConfigurations = (
				AA29D4702BFC55510067DFDE /* Debug */,
				AA29D4712BFC55510067DFDE /* Release */,
			);
			defaultConfigurationIsVisible = 0;
			defaultConfigurationName = Release;
		};
		AA29D4722BFC55510067DFDE /* Build configuration list for PBXNativeTarget "SST INCUITests" */ = {
			isa = XCConfigurationList;
			buildConfigurations = (
				AA29D4732BFC55510067DFDE /* Debug */,
				AA29D4742BFC55510067DFDE /* Release */,
			);
			defaultConfigurationIsVisible = 0;
			defaultConfigurationName = Release;
		};
/* End XCConfigurationList section */
	};
	rootObject = AA29D4402BFC554B0067DFDE /* Project object */;
}
